
Microsoft Visual Studio Solution File, Format Version 12.00
# Visual Studio Version 16
VisualStudioVersion = 16.0.31424.327
MinimumVisualStudioVersion = 10.0.40219.1
Project("{FAE04EC0-301F-11D3-BF4B-00C04F79EFBC}") = "text adventure", "text adventure\text adventure.csproj", "{8D990B84-A2F9-47A5-A5E0-A7FC9B56B924}"
EndProject
Global
	GlobalSection(SolutionConfigurationPlatforms) = preSolution
		Debug|Any CPU = Debug|Any CPU
		Release|Any CPU = Release|Any CPU
	EndGlobalSection
	GlobalSection(ProjectConfigurationPlatforms) = postSolution
		{8D990B84-A2F9-47A5-A5E0-A7FC9B56B924}.Debug|Any CPU.ActiveCfg = Debug|Any CPU
		{8D990B84-A2F9-47A5-A5E0-A7FC9B56B924}.Debug|Any CPU.Build.0 = Debug|Any CPU
		{8D990B84-A2F9-47A5-A5E0-A7FC9B56B924}.Release|Any CPU.ActiveCfg = Release|Any CPU
		{8D990B84-A2F9-47A5-A5E0-A7FC9B56B924}.Release|Any CPU.Build.0 = Release|Any CPU
	EndGlobalSection
	GlobalSection(SolutionProperties) = preSolution
		HideSolutionNode = FALSE
	EndGlobalSection
	GlobalSection(ExtensibilityGlobals) = postSolution
		SolutionGuid = {2F2C2417-AE1B-4F2C-AB6A-0203B0B8DB66}
	EndGlobalSection
EndGlobal
