
Microsoft Visual Studio Solution File, Format Version 12.00
# Visual Studio Version 16
VisualStudioVersion = 16.0.31424.327
MinimumVisualStudioVersion = 10.0.40219.1
Project("{FAE04EC0-301F-11D3-BF4B-00C04F79EFBC}") = "clicker game", "clicker game\clicker game.csproj", "{FF3795F3-CEAE-46F3-A23A-0DF99876EA67}"
EndProject
Global
	GlobalSection(SolutionConfigurationPlatforms) = preSolution
		Debug|Any CPU = Debug|Any CPU
		Release|Any CPU = Release|Any CPU
	EndGlobalSection
	GlobalSection(ProjectConfigurationPlatforms) = postSolution
		{FF3795F3-CEAE-46F3-A23A-0DF99876EA67}.Debug|Any CPU.ActiveCfg = Debug|Any CPU
		{FF3795F3-CEAE-46F3-A23A-0DF99876EA67}.Debug|Any CPU.Build.0 = Debug|Any CPU
		{FF3795F3-CEAE-46F3-A23A-0DF99876EA67}.Release|Any CPU.ActiveCfg = Release|Any CPU
		{FF3795F3-CEAE-46F3-A23A-0DF99876EA67}.Release|Any CPU.Build.0 = Release|Any CPU
	EndGlobalSection
	GlobalSection(SolutionProperties) = preSolution
		HideSolutionNode = FALSE
	EndGlobalSection
	GlobalSection(ExtensibilityGlobals) = postSolution
		SolutionGuid = {0C6FE5B0-32AD-47FD-B594-4CB0C28FDB8A}
	EndGlobalSection
EndGlobal
